
Microsoft Visual Studio Solution File, Format Version 12.00
# Visual Studio Version 16
VisualStudioVersion = 16.0.34031.81
MinimumVisualStudioVersion = 10.0.40219.1
Project("{9A19103F-16F7-4668-BE54-9A1E7A4F7556}") = "ShwePyiTawCinema", "ShwePyiTawCinema\ShwePyiTawCinema.csproj", "{154C1047-4D77-406D-B3D4-55E3DB617C8C}"
EndProject
Global
	GlobalSection(SolutionConfigurationPlatforms) = preSolution
		Debug|Any CPU = Debug|Any CPU
		Release|Any CPU = Release|Any CPU
	EndGlobalSection
	GlobalSection(ProjectConfigurationPlatforms) = postSolution
		{154C1047-4D77-406D-B3D4-55E3DB617C8C}.Debug|Any CPU.ActiveCfg = Debug|Any CPU
		{154C1047-4D77-406D-B3D4-55E3DB617C8C}.Debug|Any CPU.Build.0 = Debug|Any CPU
		{154C1047-4D77-406D-B3D4-55E3DB617C8C}.Release|Any CPU.ActiveCfg = Release|Any CPU
		{154C1047-4D77-406D-B3D4-55E3DB617C8C}.Release|Any CPU.Build.0 = Release|Any CPU
	EndGlobalSection
	GlobalSection(SolutionProperties) = preSolution
		HideSolutionNode = FALSE
	EndGlobalSection
	GlobalSection(ExtensibilityGlobals) = postSolution
		SolutionGuid = {F4676841-6324-41B8-A667-EA6A66944AD0}
	EndGlobalSection
EndGlobal
